{
  "name": "sanitize",
  "version": "1.0.0",
  "lockfileVersion": 2,
  "requires": true,
  "packages": {
    "": {
      "version": "1.0.0",
      "license": "ISC",
      "dependencies": {
        "dynamodb-data-types": "^3.0.3"
      }
    },
    "node_modules/dynamodb-data-types": {
      "version": "3.0.3",
      "resolved": "https://registry.npmjs.org/dynamodb-data-types/-/dynamodb-data-types-3.0.3.tgz",
      "integrity": "sha512-q1HvDmBnOAOp76qSaYczL1IXtO/p80wXKDJLVxiUkWeFs7V/R4DQhKQsjARBSKBBr9lbIdpNZOW1jg8OPWtr3w==",
      "bin": {
        "dynamo-dt-attr-unwrap": "bin/unwrap.js",
        "dynamo-dt-attr-wrap": "bin/wrap.js"
      }
    }
  },
  "dependencies": {
    "dynamodb-data-types": {
      "version": "3.0.3",
      "resolved": "https://registry.npmjs.org/dynamodb-data-types/-/dynamodb-data-types-3.0.3.tgz",
      "integrity": "sha512-q1HvDmBnOAOp76qSaYczL1IXtO/p80wXKDJLVxiUkWeFs7V/R4DQhKQsjARBSKBBr9lbIdpNZOW1jg8OPWtr3w=="
    }
  }
}
